
Microsoft Visual Studio Solution File, Format Version 12.00
# Visual Studio 15
VisualStudioVersion = 15.0.27130.2036
MinimumVisualStudioVersion = 10.0.40219.1
Project("{FAE04EC0-301F-11D3-BF4B-00C04F79EFBC}") = "ConsoleApp4", "ConsoleApp4\ConsoleApp4.csproj", "{B4C94FBD-FD4C-4C00-9344-BBD5F10A8D70}"
EndProject
Global
	GlobalSection(SolutionConfigurationPlatforms) = preSolution
		Debug|Any CPU = Debug|Any CPU
		Release|Any CPU = Release|Any CPU
	EndGlobalSection
	GlobalSection(ProjectConfigurationPlatforms) = postSolution
		{B4C94FBD-FD4C-4C00-9344-BBD5F10A8D70}.Debug|Any CPU.ActiveCfg = Debug|Any CPU
		{B4C94FBD-FD4C-4C00-9344-BBD5F10A8D70}.Debug|Any CPU.Build.0 = Debug|Any CPU
		{B4C94FBD-FD4C-4C00-9344-BBD5F10A8D70}.Release|Any CPU.ActiveCfg = Release|Any CPU
		{B4C94FBD-FD4C-4C00-9344-BBD5F10A8D70}.Release|Any CPU.Build.0 = Release|Any CPU
	EndGlobalSection
	GlobalSection(SolutionProperties) = preSolution
		HideSolutionNode = FALSE
	EndGlobalSection
	GlobalSection(ExtensibilityGlobals) = postSolution
		SolutionGuid = {6C232BC9-2E1F-418E-9A5B-DBBAFE518A13}
	EndGlobalSection
EndGlobal
